
Microsoft Visual Studio Solution File, Format Version 12.00
# Visual Studio Version 16
VisualStudioVersion = 16.0.29728.190
MinimumVisualStudioVersion = 10.0.40219.1
Project("{FAE04EC0-301F-11D3-BF4B-00C04F79EFBC}") = "SourceControlGenerator", "SourceControlGenerator\SourceControlGenerator.csproj", "{E96F2EEB-E207-4AB6-9B85-F86B3F386117}"
EndProject
Project("{FAE04EC0-301F-11D3-BF4B-00C04F79EFBC}") = "SCG.MarkdownConverter", "SCG.MarkdownConverter\SCG.MarkdownConverter.csproj", "{139A1053-E54E-4FD7-B64A-A3F0A2CAE350}"
EndProject
Project("{FAE04EC0-301F-11D3-BF4B-00C04F79EFBC}") = "SCG.Utilities", "SCG.Utilities\SCG.Utilities.csproj", "{2709C5C0-66AE-49DC-A65B-391163A39602}"
EndProject
Project("{FAE04EC0-301F-11D3-BF4B-00C04F79EFBC}") = "SCG.Modules.DOS2DE", "SCG.Modules\DOS2DE\SCG.Modules.DOS2DE.csproj", "{98B933B0-0536-46EC-A587-D57D8580FCFD}"
EndProject
Global
	GlobalSection(SolutionConfigurationPlatforms) = preSolution
		Debug|Any CPU = Debug|Any CPU
		Debug|x64 = Debug|x64
		Debug|x86 = Debug|x86
		Release|Any CPU = Release|Any CPU
		Release|x64 = Release|x64
		Release|x86 = Release|x86
	EndGlobalSection
	GlobalSection(ProjectConfigurationPlatforms) = postSolution
		{E96F2EEB-E207-4AB6-9B85-F86B3F386117}.Debug|Any CPU.ActiveCfg = Debug|Any CPU
		{E96F2EEB-E207-4AB6-9B85-F86B3F386117}.Debug|Any CPU.Build.0 = Debug|Any CPU
		{E96F2EEB-E207-4AB6-9B85-F86B3F386117}.Debug|x64.ActiveCfg = Debug|Any CPU
		{E96F2EEB-E207-4AB6-9B85-F86B3F386117}.Debug|x64.Build.0 = Debug|Any CPU
		{E96F2EEB-E207-4AB6-9B85-F86B3F386117}.Debug|x86.ActiveCfg = Debug|x86
		{E96F2EEB-E207-4AB6-9B85-F86B3F386117}.Debug|x86.Build.0 = Debug|x86
		{E96F2EEB-E207-4AB6-9B85-F86B3F386117}.Release|Any CPU.ActiveCfg = Release|Any CPU
		{E96F2EEB-E207-4AB6-9B85-F86B3F386117}.Release|Any CPU.Build.0 = Release|Any CPU
		{E96F2EEB-E207-4AB6-9B85-F86B3F386117}.Release|x64.ActiveCfg = Release|Any CPU
		{E96F2EEB-E207-4AB6-9B85-F86B3F386117}.Release|x64.Build.0 = Release|Any CPU
		{E96F2EEB-E207-4AB6-9B85-F86B3F386117}.Release|x86.ActiveCfg = Release|x86
		{E96F2EEB-E207-4AB6-9B85-F86B3F386117}.Release|x86.Build.0 = Release|x86
		{139A1053-E54E-4FD7-B64A-A3F0A2CAE350}.Debug|Any CPU.ActiveCfg = Debug|Any CPU
		{139A1053-E54E-4FD7-B64A-A3F0A2CAE350}.Debug|Any CPU.Build.0 = Debug|Any CPU
		{139A1053-E54E-4FD7-B64A-A3F0A2CAE350}.Debug|x64.ActiveCfg = Debug|Any CPU
		{139A1053-E54E-4FD7-B64A-A3F0A2CAE350}.Debug|x64.Build.0 = Debug|Any CPU
		{139A1053-E54E-4FD7-B64A-A3F0A2CAE350}.Debug|x86.ActiveCfg = Debug|x86
		{139A1053-E54E-4FD7-B64A-A3F0A2CAE350}.Debug|x86.Build.0 = Debug|x86
		{139A1053-E54E-4FD7-B64A-A3F0A2CAE350}.Release|Any CPU.ActiveCfg = Release|Any CPU
		{139A1053-E54E-4FD7-B64A-A3F0A2CAE350}.Release|Any CPU.Build.0 = Release|Any CPU
		{139A1053-E54E-4FD7-B64A-A3F0A2CAE350}.Release|x64.ActiveCfg = Release|Any CPU
		{139A1053-E54E-4FD7-B64A-A3F0A2CAE350}.Release|x64.Build.0 = Release|Any CPU
		{139A1053-E54E-4FD7-B64A-A3F0A2CAE350}.Release|x86.ActiveCfg = Release|x86
		{139A1053-E54E-4FD7-B64A-A3F0A2CAE350}.Release|x86.Build.0 = Release|x86
		{2709C5C0-66AE-49DC-A65B-391163A39602}.Debug|Any CPU.ActiveCfg = Debug|Any CPU
		{2709C5C0-66AE-49DC-A65B-391163A39602}.Debug|Any CPU.Build.0 = Debug|Any CPU
		{2709C5C0-66AE-49DC-A65B-391163A39602}.Debug|x64.ActiveCfg = Debug|Any CPU
		{2709C5C0-66AE-49DC-A65B-391163A39602}.Debug|x64.Build.0 = Debug|Any CPU
		{2709C5C0-66AE-49DC-A65B-391163A39602}.Debug|x86.ActiveCfg = Debug|x86
		{2709C5C0-66AE-49DC-A65B-391163A39602}.Debug|x86.Build.0 = Debug|x86
		{2709C5C0-66AE-49DC-A65B-391163A39602}.Release|Any CPU.ActiveCfg = Release|Any CPU
		{2709C5C0-66AE-49DC-A65B-391163A39602}.Release|Any CPU.Build.0 = Release|Any CPU
		{2709C5C0-66AE-49DC-A65B-391163A39602}.Release|x64.ActiveCfg = Release|Any CPU
		{2709C5C0-66AE-49DC-A65B-391163A39602}.Release|x64.Build.0 = Release|Any CPU
		{2709C5C0-66AE-49DC-A65B-391163A39602}.Release|x86.ActiveCfg = Release|x86
		{2709C5C0-66AE-49DC-A65B-391163A39602}.Release|x86.Build.0 = Release|x86
		{98B933B0-0536-46EC-A587-D57D8580FCFD}.Debug|Any CPU.ActiveCfg = Debug|Any CPU
		{98B933B0-0536-46EC-A587-D57D8580FCFD}.Debug|Any CPU.Build.0 = Debug|Any CPU
		{98B933B0-0536-46EC-A587-D57D8580FCFD}.Debug|x64.ActiveCfg = Debug|Any CPU
		{98B933B0-0536-46EC-A587-D57D8580FCFD}.Debug|x64.Build.0 = Debug|Any CPU
		{98B933B0-0536-46EC-A587-D57D8580FCFD}.Debug|x86.ActiveCfg = Debug|Any CPU
		{98B933B0-0536-46EC-A587-D57D8580FCFD}.Debug|x86.Build.0 = Debug|Any CPU
		{98B933B0-0536-46EC-A587-D57D8580FCFD}.Release|Any CPU.ActiveCfg = Release|Any CPU
		{98B933B0-0536-46EC-A587-D57D8580FCFD}.Release|Any CPU.Build.0 = Release|Any CPU
		{98B933B0-0536-46EC-A587-D57D8580FCFD}.Release|x64.ActiveCfg = Release|Any CPU
		{98B933B0-0536-46EC-A587-D57D8580FCFD}.Release|x64.Build.0 = Release|Any CPU
		{98B933B0-0536-46EC-A587-D57D8580FCFD}.Release|x86.ActiveCfg = Release|Any CPU
		{98B933B0-0536-46EC-A587-D57D8580FCFD}.Release|x86.Build.0 = Release|Any CPU
	EndGlobalSection
	GlobalSection(SolutionProperties) = preSolution
		HideSolutionNode = FALSE
	EndGlobalSection
	GlobalSection(ExtensibilityGlobals) = postSolution
		SolutionGuid = {DE485B70-5B32-467C-8399-86233D810226}
	EndGlobalSection
EndGlobal
